{
  "sources": {
    "hosts": {
      "path": "./site-cookbooks/hosts"
    },
    "file": {
      "path": "./site-cookbooks/file"
    },
    "cron": {
      "path": "./site-cookbooks/cron"
    },
    "package": {
      "path": "./site-cookbooks/package"
    },
    "alias": {
      "path": "./site-cookbooks/alias"
    },
    "hostsfile": {
      "locked_version": "2.4.4"
    },
    "mail_alias": {
      "locked_version": "0.1.0"
    },
    "minitest-handler": {
      "locked_version": "1.2.0"
    },
    "chef_handler": {
      "locked_version": "1.1.6"
    }
  }
}
